
Microsoft Visual Studio Solution File, Format Version 12.00
# Visual Studio Version 17
VisualStudioVersion = 17.13.35919.96 d17.13
MinimumVisualStudioVersion = 10.0.40219.1
Project("{FAE04EC0-301F-11D3-BF4B-00C04F79EFBC}") = "LoginScreen", "LoginScreen\LoginScreen.csproj", "{E91E7006-AAB8-4B91-82B3-6AEFE1497DBB}"
EndProject
Global
	GlobalSection(SolutionConfigurationPlatforms) = preSolution
		Debug|Any CPU = Debug|Any CPU
		Release|Any CPU = Release|Any CPU
	EndGlobalSection
	GlobalSection(ProjectConfigurationPlatforms) = postSolution
		{E91E7006-AAB8-4B91-82B3-6AEFE1497DBB}.Debug|Any CPU.ActiveCfg = Debug|Any CPU
		{E91E7006-AAB8-4B91-82B3-6AEFE1497DBB}.Debug|Any CPU.Build.0 = Debug|Any CPU
		{E91E7006-AAB8-4B91-82B3-6AEFE1497DBB}.Release|Any CPU.ActiveCfg = Release|Any CPU
		{E91E7006-AAB8-4B91-82B3-6AEFE1497DBB}.Release|Any CPU.Build.0 = Release|Any CPU
	EndGlobalSection
	GlobalSection(SolutionProperties) = preSolution
		HideSolutionNode = FALSE
	EndGlobalSection
	GlobalSection(ExtensibilityGlobals) = postSolution
		SolutionGuid = {91D2D8B5-FE5B-4712-8C56-49DEC35F512C}
	EndGlobalSection
EndGlobal
